
Microsoft Visual Studio Solution File, Format Version 12.00
# Visual Studio Version 17
VisualStudioVersion = 17.0.32112.339
MinimumVisualStudioVersion = 10.0.40219.1
Project("{FAE04EC0-301F-11D3-BF4B-00C04F79EFBC}") = "profdeneme_mustafaDev_migrationsCrud", "profdeneme_mustafaDev_migrationsCrud\profdeneme_mustafaDev_migrationsCrud.csproj", "{48392C1E-1A0F-4380-8065-4EF4B3BFD515}"
EndProject
Global
	GlobalSection(SolutionConfigurationPlatforms) = preSolution
		Debug|Any CPU = Debug|Any CPU
		Release|Any CPU = Release|Any CPU
	EndGlobalSection
	GlobalSection(ProjectConfigurationPlatforms) = postSolution
		{48392C1E-1A0F-4380-8065-4EF4B3BFD515}.Debug|Any CPU.ActiveCfg = Debug|Any CPU
		{48392C1E-1A0F-4380-8065-4EF4B3BFD515}.Debug|Any CPU.Build.0 = Debug|Any CPU
		{48392C1E-1A0F-4380-8065-4EF4B3BFD515}.Release|Any CPU.ActiveCfg = Release|Any CPU
		{48392C1E-1A0F-4380-8065-4EF4B3BFD515}.Release|Any CPU.Build.0 = Release|Any CPU
	EndGlobalSection
	GlobalSection(SolutionProperties) = preSolution
		HideSolutionNode = FALSE
	EndGlobalSection
	GlobalSection(ExtensibilityGlobals) = postSolution
		SolutionGuid = {B61A65FA-D82C-4084-815F-46ECC857009C}
	EndGlobalSection
EndGlobal
